
Microsoft Visual Studio Solution File, Format Version 12.00
# Visual Studio 2013
VisualStudioVersion = 12.0.31101.0
MinimumVisualStudioVersion = 10.0.40219.1
Project("{FAE04EC0-301F-11D3-BF4B-00C04F79EFBC}") = "CsmMagic", "CsmMagic\CsmMagic.csproj", "{D91D20F5-7649-497A-A562-30C79F2175F0}"
EndProject
Project("{2150E333-8FDC-42A3-9474-1A3956D46DE8}") = ".nuget", ".nuget", "{C8B4E801-C021-4E74-B988-FBB877E78BAC}"
	ProjectSection(SolutionItems) = preProject
		.nuget\NuGet.Config = .nuget\NuGet.Config
		.nuget\NuGet.exe = .nuget\NuGet.exe
		.nuget\NuGet.targets = .nuget\NuGet.targets
	EndProjectSection
EndProject
Project("{2150E333-8FDC-42A3-9474-1A3956D46DE8}") = "Solution Items", "Solution Items", "{2299BAE3-D209-4326-A205-5066F985B190}"
	ProjectSection(SolutionItems) = preProject
		CsmMagic\NugetContent\app.config.transform = CsmMagic\NugetContent\app.config.transform
		CsmMagic\NugetContent\web.config.transform = CsmMagic\NugetContent\web.config.transform
	EndProjectSection
EndProject
Project("{FAE04EC0-301F-11D3-BF4B-00C04F79EFBC}") = "CsmMagic.Test", "CsmMagic.Test\CsmMagic.Test.csproj", "{6EFADD23-8881-4571-ADE7-5359E5D3971A}"
EndProject
Global
	GlobalSection(SolutionConfigurationPlatforms) = preSolution
		Debug|Any CPU = Debug|Any CPU
		Debug|ARM = Debug|ARM
		Debug|x64 = Debug|x64
		Debug|x86 = Debug|x86
		Release|Any CPU = Release|Any CPU
		Release|ARM = Release|ARM
		Release|x64 = Release|x64
		Release|x86 = Release|x86
	EndGlobalSection
	GlobalSection(ProjectConfigurationPlatforms) = postSolution
		{D91D20F5-7649-497A-A562-30C79F2175F0}.Debug|Any CPU.ActiveCfg = Debug|Any CPU
		{D91D20F5-7649-497A-A562-30C79F2175F0}.Debug|Any CPU.Build.0 = Debug|Any CPU
		{D91D20F5-7649-497A-A562-30C79F2175F0}.Debug|ARM.ActiveCfg = Debug|Any CPU
		{D91D20F5-7649-497A-A562-30C79F2175F0}.Debug|x64.ActiveCfg = Debug|Any CPU
		{D91D20F5-7649-497A-A562-30C79F2175F0}.Debug|x86.ActiveCfg = Debug|Any CPU
		{D91D20F5-7649-497A-A562-30C79F2175F0}.Release|Any CPU.ActiveCfg = Release|Any CPU
		{D91D20F5-7649-497A-A562-30C79F2175F0}.Release|Any CPU.Build.0 = Release|Any CPU
		{D91D20F5-7649-497A-A562-30C79F2175F0}.Release|ARM.ActiveCfg = Release|Any CPU
		{D91D20F5-7649-497A-A562-30C79F2175F0}.Release|x64.ActiveCfg = Release|Any CPU
		{D91D20F5-7649-497A-A562-30C79F2175F0}.Release|x86.ActiveCfg = Release|Any CPU
		{6EFADD23-8881-4571-ADE7-5359E5D3971A}.Debug|Any CPU.ActiveCfg = Debug|Any CPU
		{6EFADD23-8881-4571-ADE7-5359E5D3971A}.Debug|Any CPU.Build.0 = Debug|Any CPU
		{6EFADD23-8881-4571-ADE7-5359E5D3971A}.Debug|ARM.ActiveCfg = Debug|Any CPU
		{6EFADD23-8881-4571-ADE7-5359E5D3971A}.Debug|x64.ActiveCfg = Debug|Any CPU
		{6EFADD23-8881-4571-ADE7-5359E5D3971A}.Debug|x86.ActiveCfg = Debug|Any CPU
		{6EFADD23-8881-4571-ADE7-5359E5D3971A}.Release|Any CPU.ActiveCfg = Release|Any CPU
		{6EFADD23-8881-4571-ADE7-5359E5D3971A}.Release|Any CPU.Build.0 = Release|Any CPU
		{6EFADD23-8881-4571-ADE7-5359E5D3971A}.Release|ARM.ActiveCfg = Release|Any CPU
		{6EFADD23-8881-4571-ADE7-5359E5D3971A}.Release|x64.ActiveCfg = Release|Any CPU
		{6EFADD23-8881-4571-ADE7-5359E5D3971A}.Release|x86.ActiveCfg = Release|Any CPU
	EndGlobalSection
	GlobalSection(SolutionProperties) = preSolution
		HideSolutionNode = FALSE
	EndGlobalSection
EndGlobal
